
Microsoft Visual Studio Solution File, Format Version 12.00
# Visual Studio Version 16
VisualStudioVersion = 16.0.30503.244
MinimumVisualStudioVersion = 10.0.40219.1
Project("{FAE04EC0-301F-11D3-BF4B-00C04F79EFBC}") = "Lab3_Variant-21", "Lab3_Variant-21\Lab3_Variant-21.csproj", "{B0E2BCAF-8064-470D-93CC-6BA694B8949D}"
EndProject
Global
	GlobalSection(SolutionConfigurationPlatforms) = preSolution
		Debug|Any CPU = Debug|Any CPU
		Release|Any CPU = Release|Any CPU
	EndGlobalSection
	GlobalSection(ProjectConfigurationPlatforms) = postSolution
		{B0E2BCAF-8064-470D-93CC-6BA694B8949D}.Debug|Any CPU.ActiveCfg = Debug|Any CPU
		{B0E2BCAF-8064-470D-93CC-6BA694B8949D}.Debug|Any CPU.Build.0 = Debug|Any CPU
		{B0E2BCAF-8064-470D-93CC-6BA694B8949D}.Release|Any CPU.ActiveCfg = Release|Any CPU
		{B0E2BCAF-8064-470D-93CC-6BA694B8949D}.Release|Any CPU.Build.0 = Release|Any CPU
	EndGlobalSection
	GlobalSection(SolutionProperties) = preSolution
		HideSolutionNode = FALSE
	EndGlobalSection
	GlobalSection(ExtensibilityGlobals) = postSolution
		SolutionGuid = {74E8C1EC-74DB-4A1D-883D-5BFA77598F0B}
	EndGlobalSection
EndGlobal
